
Microsoft Visual Studio Solution File, Format Version 12.00
# Visual Studio 14
VisualStudioVersion = 14.0.25420.1
MinimumVisualStudioVersion = 10.0.40219.1
Project("{8BC9CEB8-8B4A-11D0-8D11-00A0C91BC942}") = "wiwiSoftware", "wiwiSoftware\wiwiSoftware.vcxproj", "{B12702AD-ABFB-343A-A199-8E24837244A3}"
EndProject
Project("{8BC9CEB8-8B4A-11D0-8D11-00A0C91BC942}") = "communication", "communication\communication.vcxproj", "{44F5C0E9-2ED8-4984-85C8-912FA8F5C825}"
EndProject
Project("{8BC9CEB8-8B4A-11D0-8D11-00A0C91BC942}") = "logic", "logic\logic.vcxproj", "{B6BF85CD-F7BA-4AFF-8EF3-1CB14E8E4D08}"
EndProject
Project("{8BC9CEB8-8B4A-11D0-8D11-00A0C91BC942}") = "tool", "tool\tool.vcxproj", "{9665EFFC-F64C-4A14-B35E-E90F6BAEE351}"
EndProject
Project("{8BC9CEB8-8B4A-11D0-8D11-00A0C91BC942}") = "multimedia", "multimedia\multimedia.vcxproj", "{044C2AF6-B02C-4F06-8200-AA4606B98D56}"
EndProject
Global
	GlobalSection(SolutionConfigurationPlatforms) = preSolution
		Debug|Mixed Platforms = Debug|Mixed Platforms
		Debug|Win32 = Debug|Win32
		Debug|x86 = Debug|x86
		Release|Mixed Platforms = Release|Mixed Platforms
		Release|Win32 = Release|Win32
		Release|x86 = Release|x86
	EndGlobalSection
	GlobalSection(ProjectConfigurationPlatforms) = postSolution
		{B12702AD-ABFB-343A-A199-8E24837244A3}.Debug|Mixed Platforms.ActiveCfg = Debug|Win32
		{B12702AD-ABFB-343A-A199-8E24837244A3}.Debug|Mixed Platforms.Build.0 = Debug|Win32
		{B12702AD-ABFB-343A-A199-8E24837244A3}.Debug|Win32.ActiveCfg = Debug|Win32
		{B12702AD-ABFB-343A-A199-8E24837244A3}.Debug|Win32.Build.0 = Debug|Win32
		{B12702AD-ABFB-343A-A199-8E24837244A3}.Debug|x86.ActiveCfg = Debug|Win32
		{B12702AD-ABFB-343A-A199-8E24837244A3}.Debug|x86.Build.0 = Debug|Win32
		{B12702AD-ABFB-343A-A199-8E24837244A3}.Release|Mixed Platforms.ActiveCfg = Release|Win32
		{B12702AD-ABFB-343A-A199-8E24837244A3}.Release|Mixed Platforms.Build.0 = Release|Win32
		{B12702AD-ABFB-343A-A199-8E24837244A3}.Release|Win32.ActiveCfg = Release|Win32
		{B12702AD-ABFB-343A-A199-8E24837244A3}.Release|Win32.Build.0 = Release|Win32
		{B12702AD-ABFB-343A-A199-8E24837244A3}.Release|x86.ActiveCfg = Release|Win32
		{B12702AD-ABFB-343A-A199-8E24837244A3}.Release|x86.Build.0 = Release|Win32
		{44F5C0E9-2ED8-4984-85C8-912FA8F5C825}.Debug|Mixed Platforms.ActiveCfg = Debug|Win32
		{44F5C0E9-2ED8-4984-85C8-912FA8F5C825}.Debug|Mixed Platforms.Build.0 = Debug|Win32
		{44F5C0E9-2ED8-4984-85C8-912FA8F5C825}.Debug|Win32.ActiveCfg = Debug|Win32
		{44F5C0E9-2ED8-4984-85C8-912FA8F5C825}.Debug|Win32.Build.0 = Debug|Win32
		{44F5C0E9-2ED8-4984-85C8-912FA8F5C825}.Debug|x86.ActiveCfg = Debug|Win32
		{44F5C0E9-2ED8-4984-85C8-912FA8F5C825}.Debug|x86.Build.0 = Debug|Win32
		{44F5C0E9-2ED8-4984-85C8-912FA8F5C825}.Release|Mixed Platforms.ActiveCfg = Release|Win32
		{44F5C0E9-2ED8-4984-85C8-912FA8F5C825}.Release|Mixed Platforms.Build.0 = Release|Win32
		{44F5C0E9-2ED8-4984-85C8-912FA8F5C825}.Release|Win32.ActiveCfg = Release|Win32
		{44F5C0E9-2ED8-4984-85C8-912FA8F5C825}.Release|Win32.Build.0 = Release|Win32
		{44F5C0E9-2ED8-4984-85C8-912FA8F5C825}.Release|x86.ActiveCfg = Release|Win32
		{44F5C0E9-2ED8-4984-85C8-912FA8F5C825}.Release|x86.Build.0 = Release|Win32
		{B6BF85CD-F7BA-4AFF-8EF3-1CB14E8E4D08}.Debug|Mixed Platforms.ActiveCfg = Debug|Win32
		{B6BF85CD-F7BA-4AFF-8EF3-1CB14E8E4D08}.Debug|Mixed Platforms.Build.0 = Debug|Win32
		{B6BF85CD-F7BA-4AFF-8EF3-1CB14E8E4D08}.Debug|Win32.ActiveCfg = Debug|Win32
		{B6BF85CD-F7BA-4AFF-8EF3-1CB14E8E4D08}.Debug|Win32.Build.0 = Debug|Win32
		{B6BF85CD-F7BA-4AFF-8EF3-1CB14E8E4D08}.Debug|x86.ActiveCfg = Debug|Win32
		{B6BF85CD-F7BA-4AFF-8EF3-1CB14E8E4D08}.Debug|x86.Build.0 = Debug|Win32
		{B6BF85CD-F7BA-4AFF-8EF3-1CB14E8E4D08}.Release|Mixed Platforms.ActiveCfg = Release|Win32
		{B6BF85CD-F7BA-4AFF-8EF3-1CB14E8E4D08}.Release|Mixed Platforms.Build.0 = Release|Win32
		{B6BF85CD-F7BA-4AFF-8EF3-1CB14E8E4D08}.Release|Win32.ActiveCfg = Release|Win32
		{B6BF85CD-F7BA-4AFF-8EF3-1CB14E8E4D08}.Release|Win32.Build.0 = Release|Win32
		{B6BF85CD-F7BA-4AFF-8EF3-1CB14E8E4D08}.Release|x86.ActiveCfg = Release|Win32
		{B6BF85CD-F7BA-4AFF-8EF3-1CB14E8E4D08}.Release|x86.Build.0 = Release|Win32
		{9665EFFC-F64C-4A14-B35E-E90F6BAEE351}.Debug|Mixed Platforms.ActiveCfg = Debug|Win32
		{9665EFFC-F64C-4A14-B35E-E90F6BAEE351}.Debug|Mixed Platforms.Build.0 = Debug|Win32
		{9665EFFC-F64C-4A14-B35E-E90F6BAEE351}.Debug|Win32.ActiveCfg = Debug|Win32
		{9665EFFC-F64C-4A14-B35E-E90F6BAEE351}.Debug|Win32.Build.0 = Debug|Win32
		{9665EFFC-F64C-4A14-B35E-E90F6BAEE351}.Debug|x86.ActiveCfg = Debug|Win32
		{9665EFFC-F64C-4A14-B35E-E90F6BAEE351}.Debug|x86.Build.0 = Debug|Win32
		{9665EFFC-F64C-4A14-B35E-E90F6BAEE351}.Release|Mixed Platforms.ActiveCfg = Release|Win32
		{9665EFFC-F64C-4A14-B35E-E90F6BAEE351}.Release|Mixed Platforms.Build.0 = Release|Win32
		{9665EFFC-F64C-4A14-B35E-E90F6BAEE351}.Release|Win32.ActiveCfg = Release|Win32
		{9665EFFC-F64C-4A14-B35E-E90F6BAEE351}.Release|Win32.Build.0 = Release|Win32
		{9665EFFC-F64C-4A14-B35E-E90F6BAEE351}.Release|x86.ActiveCfg = Release|Win32
		{9665EFFC-F64C-4A14-B35E-E90F6BAEE351}.Release|x86.Build.0 = Release|Win32
		{044C2AF6-B02C-4F06-8200-AA4606B98D56}.Debug|Mixed Platforms.ActiveCfg = Debug|Win32
		{044C2AF6-B02C-4F06-8200-AA4606B98D56}.Debug|Mixed Platforms.Build.0 = Debug|Win32
		{044C2AF6-B02C-4F06-8200-AA4606B98D56}.Debug|Win32.ActiveCfg = Debug|Win32
		{044C2AF6-B02C-4F06-8200-AA4606B98D56}.Debug|Win32.Build.0 = Debug|Win32
		{044C2AF6-B02C-4F06-8200-AA4606B98D56}.Debug|x86.ActiveCfg = Debug|Win32
		{044C2AF6-B02C-4F06-8200-AA4606B98D56}.Debug|x86.Build.0 = Debug|Win32
		{044C2AF6-B02C-4F06-8200-AA4606B98D56}.Release|Mixed Platforms.ActiveCfg = Release|Win32
		{044C2AF6-B02C-4F06-8200-AA4606B98D56}.Release|Mixed Platforms.Build.0 = Release|Win32
		{044C2AF6-B02C-4F06-8200-AA4606B98D56}.Release|Win32.ActiveCfg = Release|Win32
		{044C2AF6-B02C-4F06-8200-AA4606B98D56}.Release|Win32.Build.0 = Release|Win32
		{044C2AF6-B02C-4F06-8200-AA4606B98D56}.Release|x86.ActiveCfg = Release|Win32
		{044C2AF6-B02C-4F06-8200-AA4606B98D56}.Release|x86.Build.0 = Release|Win32
	EndGlobalSection
	GlobalSection(SolutionProperties) = preSolution
		HideSolutionNode = FALSE
	EndGlobalSection
	GlobalSection(ExtensibilityGlobals) = postSolution
		Qt5Version = msvc2015
	EndGlobalSection
EndGlobal
